// !$*UTF8*$!
{
	archiveVersion = 1;
	classes = {
	};
	objectVersion = 55;
	objects = {

/* Begin PBXBuildFile section */
		7CFD805B28C33C02006DAA26 /* AppleFrameworksApp.swift in Sources */ = {isa = PBXBuildFile; fileRef = 7CFD805A28C33C02006DAA26 /* AppleFrameworksApp.swift */; };
		7CFD805F28C33C04006DAA26 /* Assets.xcassets in Resources */ = {isa = PBXBuildFile; fileRef = 7CFD805E28C33C04006DAA26 /* Assets.xcassets */; };
		7CFD806228C33C04006DAA26 /* Preview Assets.xcassets in Resources */ = {isa = PBXBuildFile; fileRef = 7CFD806128C33C04006DAA26 /* Preview Assets.xcassets */; };
		7CFD806928C33C2C006DAA26 /* Framework.swift in Sources */ = {isa = PBXBuildFile; fileRef = 7CFD806828C33C2C006DAA26 /* Framework.swift */; };
		7CFD806B28C33C88006DAA26 /* MockData.swift in Sources */ = {isa = PBXBuildFile; fileRef = 7CFD806A28C33C88006DAA26 /* MockData.swift */; };
		7CFD806D28C33D20006DAA26 /* FrameworkGridView.swift in Sources */ = {isa = PBXBuildFile; fileRef = 7CFD806C28C33D20006DAA26 /* FrameworkGridView.swift */; };
		7CFD806F28C3BA07006DAA26 /* FrameworkDetailView.swift in Sources */ = {isa = PBXBuildFile; fileRef = 7CFD806E28C3BA07006DAA26 /* FrameworkDetailView.swift */; };
		7CFD807128C3BBAE006DAA26 /* AFButton.swift in Sources */ = {isa = PBXBuildFile; fileRef = 7CFD807028C3BBAE006DAA26 /* AFButton.swift */; };
		7CFD807428C451CA006DAA26 /* FrameworkGridViewModel.swift in Sources */ = {isa = PBXBuildFile; fileRef = 7CFD807328C451CA006DAA26 /* FrameworkGridViewModel.swift */; };
		7CFD807628C45EB9006DAA26 /* SafariView.swift in Sources */ = {isa = PBXBuildFile; fileRef = 7CFD807528C45EB9006DAA26 /* SafariView.swift */; };
		7CFD807828C461F1006DAA26 /* FrameworkTitleView.swift in Sources */ = {isa = PBXBuildFile; fileRef = 7CFD807728C461F1006DAA26 /* FrameworkTitleView.swift */; };
		7CFD807A28C4626B006DAA26 /* DismissButton.swift in Sources */ = {isa = PBXBuildFile; fileRef = 7CFD807928C4626B006DAA26 /* DismissButton.swift */; };
/* End PBXBuildFile section */

/* Begin PBXFileReference section */
		7CFD805728C33C02006DAA26 /* AppleFrameworks.app */ = {isa = PBXFileReference; explicitFileType = wrapper.application; includeInIndex = 0; path = AppleFrameworks.app; sourceTree = BUILT_PRODUCTS_DIR; };
		7CFD805A28C33C02006DAA26 /* AppleFrameworksApp.swift */ = {isa = PBXFileReference; lastKnownFileType = sourcecode.swift; path = AppleFrameworksApp.swift; sourceTree = "<group>"; };
		7CFD805E28C33C04006DAA26 /* Assets.xcassets */ = {isa = PBXFileReference; lastKnownFileType = folder.assetcatalog; path = Assets.xcassets; sourceTree = "<group>"; };
		7CFD806128C33C04006DAA26 /* Preview Assets.xcassets */ = {isa = PBXFileReference; lastKnownFileType = folder.assetcatalog; path = "Preview Assets.xcassets"; sourceTree = "<group>"; };
		7CFD806828C33C2C006DAA26 /* Framework.swift */ = {isa = PBXFileReference; lastKnownFileType = sourcecode.swift; path = Framework.swift; sourceTree = "<group>"; };
		7CFD806A28C33C88006DAA26 /* MockData.swift */ = {isa = PBXFileReference; lastKnownFileType = sourcecode.swift; path = MockData.swift; sourceTree = "<group>"; };
		7CFD806C28C33D20006DAA26 /* FrameworkGridView.swift */ = {isa = PBXFileReference; lastKnownFileType = sourcecode.swift; path = FrameworkGridView.swift; sourceTree = "<group>"; };
		7CFD806E28C3BA07006DAA26 /* FrameworkDetailView.swift */ = {isa = PBXFileReference; lastKnownFileType = sourcecode.swift; path = FrameworkDetailView.swift; sourceTree = "<group>"; };
		7CFD807028C3BBAE006DAA26 /* AFButton.swift */ = {isa = PBXFileReference; lastKnownFileType = sourcecode.swift; path = AFButton.swift; sourceTree = "<group>"; };
		7CFD807328C451CA006DAA26 /* FrameworkGridViewModel.swift */ = {isa = PBXFileReference; lastKnownFileType = sourcecode.swift; path = FrameworkGridViewModel.swift; sourceTree = "<group>"; };
		7CFD807528C45EB9006DAA26 /* SafariView.swift */ = {isa = PBXFileReference; lastKnownFileType = sourcecode.swift; path = SafariView.swift; sourceTree = "<group>"; };
		7CFD807728C461F1006DAA26 /* FrameworkTitleView.swift */ = {isa = PBXFileReference; lastKnownFileType = sourcecode.swift; path = FrameworkTitleView.swift; sourceTree = "<group>"; };
		7CFD807928C4626B006DAA26 /* DismissButton.swift */ = {isa = PBXFileReference; lastKnownFileType = sourcecode.swift; path = DismissButton.swift; sourceTree = "<group>"; };
/* End PBXFileReference section */

/* Begin PBXFrameworksBuildPhase section */
		7CFD805428C33C02006DAA26 /* Frameworks */ = {
			isa = PBXFrameworksBuildPhase;
			buildActionMask = 2147483647;
			files = (
			);
			runOnlyForDeploymentPostprocessing = 0;
		};
/* End PBXFrameworksBuildPhase section */

/* Begin PBXGroup section */
		7CFD804E28C33C02006DAA26 = {
			isa = PBXGroup;
			children = (
				7CFD805928C33C02006DAA26 /* AppleFrameworks */,
				7CFD805828C33C02006DAA26 /* Products */,
			);
			sourceTree = "<group>";
		};
		7CFD805828C33C02006DAA26 /* Products */ = {
			isa = PBXGroup;
			children = (
				7CFD805728C33C02006DAA26 /* AppleFrameworks.app */,
			);
			name = Products;
			sourceTree = "<group>";
		};
		7CFD805928C33C02006DAA26 /* AppleFrameworks */ = {
			isa = PBXGroup;
			children = (
				7CFD808328C46462006DAA26 /* MockData */,
				7CFD808228C46441006DAA26 /* UIKit Components */,
				7CFD807F28C4640B006DAA26 /* Views */,
				7CFD807E28C463F0006DAA26 /* Model */,
				7CFD807B28C46389006DAA26 /* Screens */,
				7CFD805A28C33C02006DAA26 /* AppleFrameworksApp.swift */,
				7CFD805E28C33C04006DAA26 /* Assets.xcassets */,
				7CFD806028C33C04006DAA26 /* Preview Content */,
			);
			path = AppleFrameworks;
			sourceTree = "<group>";
		};
		7CFD806028C33C04006DAA26 /* Preview Content */ = {
			isa = PBXGroup;
			children = (
				7CFD806128C33C04006DAA26 /* Preview Assets.xcassets */,
			);
			path = "Preview Content";
			sourceTree = "<group>";
		};
		7CFD807B28C46389006DAA26 /* Screens */ = {
			isa = PBXGroup;
			children = (
				7CFD807C28C4638F006DAA26 /* FrameworkGridView */,
				7CFD807D28C463BB006DAA26 /* FrameworkDetailView */,
			);
			path = Screens;
			sourceTree = "<group>";
		};
		7CFD807C28C4638F006DAA26 /* FrameworkGridView */ = {
			isa = PBXGroup;
			children = (
				7CFD806C28C33D20006DAA26 /* FrameworkGridView.swift */,
				7CFD807328C451CA006DAA26 /* FrameworkGridViewModel.swift */,
			);
			path = FrameworkGridView;
			sourceTree = "<group>";
		};
		7CFD807D28C463BB006DAA26 /* FrameworkDetailView */ = {
			isa = PBXGroup;
			children = (
				7CFD806E28C3BA07006DAA26 /* FrameworkDetailView.swift */,
			);
			path = FrameworkDetailView;
			sourceTree = "<group>";
		};
		7CFD807E28C463F0006DAA26 /* Model */ = {
			isa = PBXGroup;
			children = (
				7CFD806828C33C2C006DAA26 /* Framework.swift */,
			);
			path = Model;
			sourceTree = "<group>";
		};
		7CFD807F28C4640B006DAA26 /* Views */ = {
			isa = PBXGroup;
			children = (
				7CFD808128C46427006DAA26 /* View */,
				7CFD808028C46416006DAA26 /* Buttons */,
			);
			path = Views;
			sourceTree = "<group>";
		};
		7CFD808028C46416006DAA26 /* Buttons */ = {
			isa = PBXGroup;
			children = (
				7CFD807928C4626B006DAA26 /* DismissButton.swift */,
				7CFD807028C3BBAE006DAA26 /* AFButton.swift */,
			);
			path = Buttons;
			sourceTree = "<group>";
		};
		7CFD808128C46427006DAA26 /* View */ = {
			isa = PBXGroup;
			children = (
				7CFD807728C461F1006DAA26 /* FrameworkTitleView.swift */,
			);
			path = View;
			sourceTree = "<group>";
		};
		7CFD808228C46441006DAA26 /* UIKit Components */ = {
			isa = PBXGroup;
			children = (
				7CFD807528C45EB9006DAA26 /* SafariView.swift */,
			);
			path = "UIKit Components";
			sourceTree = "<group>";
		};
		7CFD808328C46462006DAA26 /* MockData */ = {
			isa = PBXGroup;
			children = (
				7CFD806A28C33C88006DAA26 /* MockData.swift */,
			);
			path = MockData;
			sourceTree = "<group>";
		};
/* End PBXGroup section */

/* Begin PBXNativeTarget section */
		7CFD805628C33C02006DAA26 /* AppleFrameworks */ = {
			isa = PBXNativeTarget;
			buildConfigurationList = 7CFD806528C33C04006DAA26 /* Build configuration list for PBXNativeTarget "AppleFrameworks" */;
			buildPhases = (
				7CFD805328C33C02006DAA26 /* Sources */,
				7CFD805428C33C02006DAA26 /* Frameworks */,
				7CFD805528C33C02006DAA26 /* Resources */,
			);
			buildRules = (
			);
			dependencies = (
			);
			name = AppleFrameworks;
			productName = AppleFrameworks;
			productReference = 7CFD805728C33C02006DAA26 /* AppleFrameworks.app */;
			productType = "com.apple.product-type.application";
		};
/* End PBXNativeTarget section */

/* Begin PBXProject section */
		7CFD804F28C33C02006DAA26 /* Project object */ = {
			isa = PBXProject;
			attributes = {
				BuildIndependentTargetsInParallel = 1;
				LastSwiftUpdateCheck = 1340;
				LastUpgradeCheck = 1340;
				TargetAttributes = {
					7CFD805628C33C02006DAA26 = {
						CreatedOnToolsVersion = 13.4.1;
					};
				};
			};
			buildConfigurationList = 7CFD805228C33C02006DAA26 /* Build configuration list for PBXProject "AppleFrameworks" */;
			compatibilityVersion = "Xcode 13.0";
			developmentRegion = en;
			hasScannedForEncodings = 0;
			knownRegions = (
				en,
				Base,
			);
			mainGroup = 7CFD804E28C33C02006DAA26;
			productRefGroup = 7CFD805828C33C02006DAA26 /* Products */;
			projectDirPath = "";
			projectRoot = "";
			targets = (
				7CFD805628C33C02006DAA26 /* AppleFrameworks */,
			);
		};
/* End PBXProject section */

/* Begin PBXResourcesBuildPhase section */
		7CFD805528C33C02006DAA26 /* Resources */ = {
			isa = PBXResourcesBuildPhase;
			buildActionMask = 2147483647;
			files = (
				7CFD806228C33C04006DAA26 /* Preview Assets.xcassets in Resources */,
				7CFD805F28C33C04006DAA26 /* Assets.xcassets in Resources */,
			);
			runOnlyForDeploymentPostprocessing = 0;
		};
/* End PBXResourcesBuildPhase section */

/* Begin PBXSourcesBuildPhase section */
		7CFD805328C33C02006DAA26 /* Sources */ = {
			isa = PBXSourcesBuildPhase;
			buildActionMask = 2147483647;
			files = (
				7CFD806B28C33C88006DAA26 /* MockData.swift in Sources */,
				7CFD807828C461F1006DAA26 /* FrameworkTitleView.swift in Sources */,
				7CFD806F28C3BA07006DAA26 /* FrameworkDetailView.swift in Sources */,
				7CFD806D28C33D20006DAA26 /* FrameworkGridView.swift in Sources */,
				7CFD806928C33C2C006DAA26 /* Framework.swift in Sources */,
				7CFD807628C45EB9006DAA26 /* SafariView.swift in Sources */,
				7CFD807128C3BBAE006DAA26 /* AFButton.swift in Sources */,
				7CFD807428C451CA006DAA26 /* FrameworkGridViewModel.swift in Sources */,
				7CFD807A28C4626B006DAA26 /* DismissButton.swift in Sources */,
				7CFD805B28C33C02006DAA26 /* AppleFrameworksApp.swift in Sources */,
			);
			runOnlyForDeploymentPostprocessing = 0;
		};
/* End PBXSourcesBuildPhase section */

/* Begin XCBuildConfiguration section */
		7CFD806328C33C04006DAA26 /* Debug */ = {
			isa = XCBuildConfiguration;
			buildSettings = {
				ALWAYS_SEARCH_USER_PATHS = NO;
				CLANG_ANALYZER_NONNULL = YES;
				CLANG_ANALYZER_NUMBER_OBJECT_CONVERSION = YES_AGGRESSIVE;
				CLANG_CXX_LANGUAGE_STANDARD = "gnu++17";
				CLANG_ENABLE_MODULES = YES;
				CLANG_ENABLE_OBJC_ARC = YES;
				CLANG_ENABLE_OBJC_WEAK = YES;
				CLANG_WARN_BLOCK_CAPTURE_AUTORELEASING = YES;
				CLANG_WARN_BOOL_CONVERSION = YES;
				CLANG_WARN_COMMA = YES;
				CLANG_WARN_CONSTANT_CONVERSION = YES;
				CLANG_WARN_DEPRECATED_OBJC_IMPLEMENTATIONS = YES;
				CLANG_WARN_DIRECT_OBJC_ISA_USAGE = YES_ERROR;
				CLANG_WARN_DOCUMENTATION_COMMENTS = YES;
				CLANG_WARN_EMPTY_BODY = YES;
				CLANG_WARN_ENUM_CONVERSION = YES;
				CLANG_WARN_INFINITE_RECURSION = YES;
				CLANG_WARN_INT_CONVERSION = YES;
				CLANG_WARN_NON_LITERAL_NULL_CONVERSION = YES;
				CLANG_WARN_OBJC_IMPLICIT_RETAIN_SELF = YES;
				CLANG_WARN_OBJC_LITERAL_CONVERSION = YES;
				CLANG_WARN_OBJC_ROOT_CLASS = YES_ERROR;
				CLANG_WARN_QUOTED_INCLUDE_IN_FRAMEWORK_HEADER = YES;
				CLANG_WARN_RANGE_LOOP_ANALYSIS = YES;
				CLANG_WARN_STRICT_PROTOTYPES = YES;
				CLANG_WARN_SUSPICIOUS_MOVE = YES;
				CLANG_WARN_UNGUARDED_AVAILABILITY = YES_AGGRESSIVE;
				CLANG_WARN_UNREACHABLE_CODE = YES;
				CLANG_WARN__DUPLICATE_METHOD_MATCH = YES;
				COPY_PHASE_STRIP = NO;
				DEBUG_INFORMATION_FORMAT = dwarf;
				ENABLE_STRICT_OBJC_MSGSEND = YES;
				ENABLE_TESTABILITY = YES;
				GCC_C_LANGUAGE_STANDARD = gnu11;
				GCC_DYNAMIC_NO_PIC = NO;
				GCC_NO_COMMON_BLOCKS = YES;
				GCC_OPTIMIZATION_LEVEL = 0;
				GCC_PREPROCESSOR_DEFINITIONS = (
					"DEBUG=1",
					"$(inherited)",
				);
				GCC_WARN_64_TO_32_BIT_CONVERSION = YES;
				GCC_WARN_ABOUT_RETURN_TYPE = YES_ERROR;
				GCC_WARN_UNDECLARED_SELECTOR = YES;
				GCC_WARN_UNINITIALIZED_AUTOS = YES_AGGRESSIVE;
				GCC_WARN_UNUSED_FUNCTION = YES;
				GCC_WARN_UNUSED_VARIABLE = YES;
				IPHONEOS_DEPLOYMENT_TARGET = 15.5;
				MTL_ENABLE_DEBUG_INFO = INCLUDE_SOURCE;
				MTL_FAST_MATH = YES;
				ONLY_ACTIVE_ARCH = YES;
				SDKROOT = iphoneos;
				SWIFT_ACTIVE_COMPILATION_CONDITIONS = DEBUG;
				SWIFT_OPTIMIZATION_LEVEL = "-Onone";
			};
			name = Debug;
		};
		7CFD806428C33C04006DAA26 /* Release */ = {
			isa = XCBuildConfiguration;
			buildSettings = {
				ALWAYS_SEARCH_USER_PATHS = NO;
				CLANG_ANALYZER_NONNULL = YES;
				CLANG_ANALYZER_NUMBER_OBJECT_CONVERSION = YES_AGGRESSIVE;
				CLANG_CXX_LANGUAGE_STANDARD = "gnu++17";
				CLANG_ENABLE_MODULES = YES;
				CLANG_ENABLE_OBJC_ARC = YES;
				CLANG_ENABLE_OBJC_WEAK = YES;
				CLANG_WARN_BLOCK_CAPTURE_AUTORELEASING = YES;
				CLANG_WARN_BOOL_CONVERSION = YES;
				CLANG_WARN_COMMA = YES;
				CLANG_WARN_CONSTANT_CONVERSION = YES;
				CLANG_WARN_DEPRECATED_OBJC_IMPLEMENTATIONS = YES;
				CLANG_WARN_DIRECT_OBJC_ISA_USAGE = YES_ERROR;
				CLANG_WARN_DOCUMENTATION_COMMENTS = YES;
				CLANG_WARN_EMPTY_BODY = YES;
				CLANG_WARN_ENUM_CONVERSION = YES;
				CLANG_WARN_INFINITE_RECURSION = YES;
				CLANG_WARN_INT_CONVERSION = YES;
				CLANG_WARN_NON_LITERAL_NULL_CONVERSION = YES;
				CLANG_WARN_OBJC_IMPLICIT_RETAIN_SELF = YES;
				CLANG_WARN_OBJC_LITERAL_CONVERSION = YES;
				CLANG_WARN_OBJC_ROOT_CLASS = YES_ERROR;
				CLANG_WARN_QUOTED_INCLUDE_IN_FRAMEWORK_HEADER = YES;
				CLANG_WARN_RANGE_LOOP_ANALYSIS = YES;
				CLANG_WARN_STRICT_PROTOTYPES = YES;
				CLANG_WARN_SUSPICIOUS_MOVE = YES;
				CLANG_WARN_UNGUARDED_AVAILABILITY = YES_AGGRESSIVE;
				CLANG_WARN_UNREACHABLE_CODE = YES;
				CLANG_WARN__DUPLICATE_METHOD_MATCH = YES;
				COPY_PHASE_STRIP = NO;
				DEBUG_INFORMATION_FORMAT = "dwarf-with-dsym";
				ENABLE_NS_ASSERTIONS = NO;
				ENABLE_STRICT_OBJC_MSGSEND = YES;
				GCC_C_LANGUAGE_STANDARD = gnu11;
				GCC_NO_COMMON_BLOCKS = YES;
				GCC_WARN_64_TO_32_BIT_CONVERSION = YES;
				GCC_WARN_ABOUT_RETURN_TYPE = YES_ERROR;
				GCC_WARN_UNDECLARED_SELECTOR = YES;
				GCC_WARN_UNINITIALIZED_AUTOS = YES_AGGRESSIVE;
				GCC_WARN_UNUSED_FUNCTION = YES;
				GCC_WARN_UNUSED_VARIABLE = YES;
				IPHONEOS_DEPLOYMENT_TARGET = 15.5;
				MTL_ENABLE_DEBUG_INFO = NO;
				MTL_FAST_MATH = YES;
				SDKROOT = iphoneos;
				SWIFT_COMPILATION_MODE = wholemodule;
				SWIFT_OPTIMIZATION_LEVEL = "-O";
				VALIDATE_PRODUCT = YES;
			};
			name = Release;
		};
		7CFD806628C33C04006DAA26 /* Debug */ = {
			isa = XCBuildConfiguration;
			buildSettings = {
				ASSETCATALOG_COMPILER_APPICON_NAME = AppIcon;
				ASSETCATALOG_COMPILER_GLOBAL_ACCENT_COLOR_NAME = AccentColor;
				CODE_SIGN_STYLE = Automatic;
				CURRENT_PROJECT_VERSION = 1;
				DEVELOPMENT_ASSET_PATHS = "\"AppleFrameworks/Preview Content\"";
				DEVELOPMENT_TEAM = J7WKHSZ8C5;
				ENABLE_PREVIEWS = YES;
				GENERATE_INFOPLIST_FILE = YES;
				INFOPLIST_KEY_UIApplicationSceneManifest_Generation = YES;
				INFOPLIST_KEY_UIApplicationSupportsIndirectInputEvents = YES;
				INFOPLIST_KEY_UILaunchScreen_Generation = YES;
				INFOPLIST_KEY_UISupportedInterfaceOrientations_iPad = "UIInterfaceOrientationPortrait UIInterfaceOrientationPortraitUpsideDown UIInterfaceOrientationLandscapeLeft UIInterfaceOrientationLandscapeRight";
				INFOPLIST_KEY_UISupportedInterfaceOrientations_iPhone = "UIInterfaceOrientationPortrait UIInterfaceOrientationLandscapeLeft UIInterfaceOrientationLandscapeRight";
				LD_RUNPATH_SEARCH_PATHS = (
					"$(inherited)",
					"@executable_path/Frameworks",
				);
				MARKETING_VERSION = 1.0;
				PRODUCT_BUNDLE_IDENTIFIER = ronan.mak.AppleFrameworks;
				PRODUCT_NAME = "$(TARGET_NAME)";
				SWIFT_EMIT_LOC_STRINGS = YES;
				SWIFT_VERSION = 5.0;
				TARGETED_DEVICE_FAMILY = "1,2";
			};
			name = Debug;
		};
		7CFD806728C33C04006DAA26 /* Release */ = {
			isa = XCBuildConfiguration;
			buildSettings = {
				ASSETCATALOG_COMPILER_APPICON_NAME = AppIcon;
				ASSETCATALOG_COMPILER_GLOBAL_ACCENT_COLOR_NAME = AccentColor;
				CODE_SIGN_STYLE = Automatic;
				CURRENT_PROJECT_VERSION = 1;
				DEVELOPMENT_ASSET_PATHS = "\"AppleFrameworks/Preview Content\"";
				DEVELOPMENT_TEAM = J7WKHSZ8C5;
				ENABLE_PREVIEWS = YES;
				GENERATE_INFOPLIST_FILE = YES;
				INFOPLIST_KEY_UIApplicationSceneManifest_Generation = YES;
				INFOPLIST_KEY_UIApplicationSupportsIndirectInputEvents = YES;
				INFOPLIST_KEY_UILaunchScreen_Generation = YES;
				INFOPLIST_KEY_UISupportedInterfaceOrientations_iPad = "UIInterfaceOrientationPortrait UIInterfaceOrientationPortraitUpsideDown UIInterfaceOrientationLandscapeLeft UIInterfaceOrientationLandscapeRight";
				INFOPLIST_KEY_UISupportedInterfaceOrientations_iPhone = "UIInterfaceOrientationPortrait UIInterfaceOrientationLandscapeLeft UIInterfaceOrientationLandscapeRight";
				LD_RUNPATH_SEARCH_PATHS = (
					"$(inherited)",
					"@executable_path/Frameworks",
				);
				MARKETING_VERSION = 1.0;
				PRODUCT_BUNDLE_IDENTIFIER = ronan.mak.AppleFrameworks;
				PRODUCT_NAME = "$(TARGET_NAME)";
				SWIFT_EMIT_LOC_STRINGS = YES;
				SWIFT_VERSION = 5.0;
				TARGETED_DEVICE_FAMILY = "1,2";
			};
			name = Release;
		};
/* End XCBuildConfiguration section */

/* Begin XCConfigurationList section */
		7CFD805228C33C02006DAA26 /* Build configuration list for PBXProject "AppleFrameworks" */ = {
			isa = XCConfigurationList;
			buildConfigurations = (
				7CFD806328C33C04006DAA26 /* Debug */,
				7CFD806428C33C04006DAA26 /* Release */,
			);
			defaultConfigurationIsVisible = 0;
			defaultConfigurationName = Release;
		};
		7CFD806528C33C04006DAA26 /* Build configuration list for PBXNativeTarget "AppleFrameworks" */ = {
			isa = XCConfigurationList;
			buildConfigurations = (
				7CFD806628C33C04006DAA26 /* Debug */,
				7CFD806728C33C04006DAA26 /* Release */,
			);
			defaultConfigurationIsVisible = 0;
			defaultConfigurationName = Release;
		};
/* End XCConfigurationList section */
	};
	rootObject = 7CFD804F28C33C02006DAA26 /* Project object */;
}
